
Microsoft Visual Studio Solution File, Format Version 12.00
# Visual Studio 15
VisualStudioVersion = 15.0.28010.2026
MinimumVisualStudioVersion = 10.0.40219.1
Project("{FAE04EC0-301F-11D3-BF4B-00C04F79EFBC}") = "Filtersaspnetcore", "Filtersaspnetcore\Filtersaspnetcore.csproj", "{C61F843F-E1EC-472F-A270-4AF23BE0FB2A}"
EndProject
Global
	GlobalSection(SolutionConfigurationPlatforms) = preSolution
		Debug|Any CPU = Debug|Any CPU
		Release|Any CPU = Release|Any CPU
	EndGlobalSection
	GlobalSection(ProjectConfigurationPlatforms) = postSolution
		{C61F843F-E1EC-472F-A270-4AF23BE0FB2A}.Debug|Any CPU.ActiveCfg = Debug|Any CPU
		{C61F843F-E1EC-472F-A270-4AF23BE0FB2A}.Debug|Any CPU.Build.0 = Debug|Any CPU
		{C61F843F-E1EC-472F-A270-4AF23BE0FB2A}.Release|Any CPU.ActiveCfg = Release|Any CPU
		{C61F843F-E1EC-472F-A270-4AF23BE0FB2A}.Release|Any CPU.Build.0 = Release|Any CPU
	EndGlobalSection
	GlobalSection(SolutionProperties) = preSolution
		HideSolutionNode = FALSE
	EndGlobalSection
	GlobalSection(ExtensibilityGlobals) = postSolution
		SolutionGuid = {A3A40127-ABD0-4BD0-9BA5-E04762E2B0BF}
	EndGlobalSection
EndGlobal
